
Microsoft Visual Studio Solution File, Format Version 12.00
# Visual Studio Version 17
VisualStudioVersion = 17.0.31903.59
MinimumVisualStudioVersion = 10.0.40219.1
Project("{FAE04EC0-301F-11D3-BF4B-00C04F79EFBC}") = "CerialSurvase", "CerialSurvase\CerialSurvase.csproj", "{697033AA-2572-4CEC-AD54-5CEB8D515528}"
EndProject
Project("{FAE04EC0-301F-11D3-BF4B-00C04F79EFBC}") = "CerialSurvase.Tests", "CerialSurvase.Tests\CerialSurvase.Tests.csproj", "{13421BE7-8755-4F9F-98E2-20919B116CF7}"
EndProject
Global
	GlobalSection(SolutionConfigurationPlatforms) = preSolution
		Debug|Any CPU = Debug|Any CPU
		Debug|x64 = Debug|x64
		Debug|x86 = Debug|x86
		Release|Any CPU = Release|Any CPU
		Release|x64 = Release|x64
		Release|x86 = Release|x86
	EndGlobalSection
	GlobalSection(ProjectConfigurationPlatforms) = postSolution
		{697033AA-2572-4CEC-AD54-5CEB8D515528}.Debug|Any CPU.ActiveCfg = Debug|Any CPU
		{697033AA-2572-4CEC-AD54-5CEB8D515528}.Debug|Any CPU.Build.0 = Debug|Any CPU
		{697033AA-2572-4CEC-AD54-5CEB8D515528}.Debug|x64.ActiveCfg = Debug|Any CPU
		{697033AA-2572-4CEC-AD54-5CEB8D515528}.Debug|x64.Build.0 = Debug|Any CPU
		{697033AA-2572-4CEC-AD54-5CEB8D515528}.Debug|x86.ActiveCfg = Debug|Any CPU
		{697033AA-2572-4CEC-AD54-5CEB8D515528}.Debug|x86.Build.0 = Debug|Any CPU
		{697033AA-2572-4CEC-AD54-5CEB8D515528}.Release|Any CPU.ActiveCfg = Release|Any CPU
		{697033AA-2572-4CEC-AD54-5CEB8D515528}.Release|Any CPU.Build.0 = Release|Any CPU
		{697033AA-2572-4CEC-AD54-5CEB8D515528}.Release|x64.ActiveCfg = Release|Any CPU
		{697033AA-2572-4CEC-AD54-5CEB8D515528}.Release|x64.Build.0 = Release|Any CPU
		{697033AA-2572-4CEC-AD54-5CEB8D515528}.Release|x86.ActiveCfg = Release|Any CPU
		{697033AA-2572-4CEC-AD54-5CEB8D515528}.Release|x86.Build.0 = Release|Any CPU
		{13421BE7-8755-4F9F-98E2-20919B116CF7}.Debug|Any CPU.ActiveCfg = Debug|Any CPU
		{13421BE7-8755-4F9F-98E2-20919B116CF7}.Debug|Any CPU.Build.0 = Debug|Any CPU
		{13421BE7-8755-4F9F-98E2-20919B116CF7}.Debug|x64.ActiveCfg = Debug|Any CPU
		{13421BE7-8755-4F9F-98E2-20919B116CF7}.Debug|x64.Build.0 = Debug|Any CPU
		{13421BE7-8755-4F9F-98E2-20919B116CF7}.Debug|x86.ActiveCfg = Debug|Any CPU
		{13421BE7-8755-4F9F-98E2-20919B116CF7}.Debug|x86.Build.0 = Debug|Any CPU
		{13421BE7-8755-4F9F-98E2-20919B116CF7}.Release|Any CPU.ActiveCfg = Release|Any CPU
		{13421BE7-8755-4F9F-98E2-20919B116CF7}.Release|Any CPU.Build.0 = Release|Any CPU
		{13421BE7-8755-4F9F-98E2-20919B116CF7}.Release|x64.ActiveCfg = Release|Any CPU
		{13421BE7-8755-4F9F-98E2-20919B116CF7}.Release|x64.Build.0 = Release|Any CPU
		{13421BE7-8755-4F9F-98E2-20919B116CF7}.Release|x86.ActiveCfg = Release|Any CPU
		{13421BE7-8755-4F9F-98E2-20919B116CF7}.Release|x86.Build.0 = Release|Any CPU
	EndGlobalSection
	GlobalSection(SolutionProperties) = preSolution
		HideSolutionNode = FALSE
	EndGlobalSection
EndGlobal
